// !$*UTF8*$!
{
	archiveVersion = 1;
	classes = {
	};
	objectVersion = 46;
	objects = {

/* Begin PBXBuildFile section */
		8D0E35371DDB1BF5005DA9EE /* AppDelegate.swift in Sources */ = {isa = PBXBuildFile; fileRef = 8D0E35361DDB1BF5005DA9EE /* AppDelegate.swift */; };
		8D0E35391DDB1BF5005DA9EE /* ViewController.swift in Sources */ = {isa = PBXBuildFile; fileRef = 8D0E35381DDB1BF5005DA9EE /* ViewController.swift */; };
		8D0E353C1DDB1BF5005DA9EE /* Main.storyboard in Resources */ = {isa = PBXBuildFile; fileRef = 8D0E353A1DDB1BF5005DA9EE /* Main.storyboard */; };
		8D0E353E1DDB1BF6005DA9EE /* Assets.xcassets in Resources */ = {isa = PBXBuildFile; fileRef = 8D0E353D1DDB1BF6005DA9EE /* Assets.xcassets */; };
		8D0E35411DDB1BF6005DA9EE /* LaunchScreen.storyboard in Resources */ = {isa = PBXBuildFile; fileRef = 8D0E353F1DDB1BF6005DA9EE /* LaunchScreen.storyboard */; };
		8D0E35491DDB1E22005DA9EE /* VCTableViewCell.swift in Sources */ = {isa = PBXBuildFile; fileRef = 8D0E35481DDB1E22005DA9EE /* VCTableViewCell.swift */; };
		8D0E354B1DDB21CB005DA9EE /* Article.swift in Sources */ = {isa = PBXBuildFile; fileRef = 8D0E354A1DDB21CB005DA9EE /* Article.swift */; };
		8DACE6721DDB3944003C40A6 /* WebViewVC.swift in Sources */ = {isa = PBXBuildFile; fileRef = 8DACE6711DDB3944003C40A6 /* WebViewVC.swift */; };
		8DACE6741DDB4839003C40A6 /* MaterialView.swift in Sources */ = {isa = PBXBuildFile; fileRef = 8DACE6731DDB4839003C40A6 /* MaterialView.swift */; };
/* End PBXBuildFile section */

/* Begin PBXFileReference section */
		8D0E35331DDB1BF5005DA9EE /* News.app */ = {isa = PBXFileReference; explicitFileType = wrapper.application; includeInIndex = 0; path = News.app; sourceTree = BUILT_PRODUCTS_DIR; };
		8D0E35361DDB1BF5005DA9EE /* AppDelegate.swift */ = {isa = PBXFileReference; lastKnownFileType = sourcecode.swift; path = AppDelegate.swift; sourceTree = "<group>"; };
		8D0E35381DDB1BF5005DA9EE /* ViewController.swift */ = {isa = PBXFileReference; lastKnownFileType = sourcecode.swift; path = ViewController.swift; sourceTree = "<group>"; };
		8D0E353B1DDB1BF5005DA9EE /* Base */ = {isa = PBXFileReference; lastKnownFileType = file.storyboard; name = Base; path = Base.lproj/Main.storyboard; sourceTree = "<group>"; };
		8D0E353D1DDB1BF6005DA9EE /* Assets.xcassets */ = {isa = PBXFileReference; lastKnownFileType = folder.assetcatalog; path = Assets.xcassets; sourceTree = "<group>"; };
		8D0E35401DDB1BF6005DA9EE /* Base */ = {isa = PBXFileReference; lastKnownFileType = file.storyboard; name = Base; path = Base.lproj/LaunchScreen.storyboard; sourceTree = "<group>"; };
		8D0E35421DDB1BF6005DA9EE /* Info.plist */ = {isa = PBXFileReference; lastKnownFileType = text.plist.xml; path = Info.plist; sourceTree = "<group>"; };
		8D0E35481DDB1E22005DA9EE /* VCTableViewCell.swift */ = {isa = PBXFileReference; fileEncoding = 4; lastKnownFileType = sourcecode.swift; path = VCTableViewCell.swift; sourceTree = "<group>"; };
		8D0E354A1DDB21CB005DA9EE /* Article.swift */ = {isa = PBXFileReference; fileEncoding = 4; lastKnownFileType = sourcecode.swift; path = Article.swift; sourceTree = "<group>"; };
		8DACE6711DDB3944003C40A6 /* WebViewVC.swift */ = {isa = PBXFileReference; fileEncoding = 4; lastKnownFileType = sourcecode.swift; path = WebViewVC.swift; sourceTree = "<group>"; };
		8DACE6731DDB4839003C40A6 /* MaterialView.swift */ = {isa = PBXFileReference; fileEncoding = 4; lastKnownFileType = sourcecode.swift; name = MaterialView.swift; path = ../MaterialView.swift; sourceTree = "<group>"; };
/* End PBXFileReference section */

/* Begin PBXFrameworksBuildPhase section */
		8D0E35301DDB1BF4005DA9EE /* Frameworks */ = {
			isa = PBXFrameworksBuildPhase;
			buildActionMask = 2147483647;
			files = (
			);
			runOnlyForDeploymentPostprocessing = 0;
		};
/* End PBXFrameworksBuildPhase section */

/* Begin PBXGroup section */
		8D0E352A1DDB1BF4005DA9EE = {
			isa = PBXGroup;
			children = (
				8D0E35351DDB1BF5005DA9EE /* TripoliScopeNews */,
				8D0E35341DDB1BF5005DA9EE /* Products */,
			);
			sourceTree = "<group>";
		};
		8D0E35341DDB1BF5005DA9EE /* Products */ = {
			isa = PBXGroup;
			children = (
				8D0E35331DDB1BF5005DA9EE /* News.app */,
			);
			name = Products;
			sourceTree = "<group>";
		};
		8D0E35351DDB1BF5005DA9EE /* TripoliScopeNews */ = {
			isa = PBXGroup;
			children = (
				8DACE6731DDB4839003C40A6 /* MaterialView.swift */,
				8D0E35381DDB1BF5005DA9EE /* ViewController.swift */,
				8DACE6711DDB3944003C40A6 /* WebViewVC.swift */,
				8D0E354A1DDB21CB005DA9EE /* Article.swift */,
				8D0E35481DDB1E22005DA9EE /* VCTableViewCell.swift */,
				8D0E353A1DDB1BF5005DA9EE /* Main.storyboard */,
				8D0E353F1DDB1BF6005DA9EE /* LaunchScreen.storyboard */,
				8D0E35361DDB1BF5005DA9EE /* AppDelegate.swift */,
				8D0E353D1DDB1BF6005DA9EE /* Assets.xcassets */,
				8D0E35421DDB1BF6005DA9EE /* Info.plist */,
			);
			path = TripoliScopeNews;
			sourceTree = "<group>";
		};
/* End PBXGroup section */

/* Begin PBXNativeTarget section */
		8D0E35321DDB1BF4005DA9EE /* News */ = {
			isa = PBXNativeTarget;
			buildConfigurationList = 8D0E35451DDB1BF6005DA9EE /* Build configuration list for PBXNativeTarget "News" */;
			buildPhases = (
				8D0E352F1DDB1BF4005DA9EE /* Sources */,
				8D0E35301DDB1BF4005DA9EE /* Frameworks */,
				8D0E35311DDB1BF4005DA9EE /* Resources */,
			);
			buildRules = (
			);
			dependencies = (
			);
			name = News;
			productName = TripoliScopeNews;
			productReference = 8D0E35331DDB1BF5005DA9EE /* News.app */;
			productType = "com.apple.product-type.application";
		};
/* End PBXNativeTarget section */

/* Begin PBXProject section */
		8D0E352B1DDB1BF4005DA9EE /* Project object */ = {
			isa = PBXProject;
			attributes = {
				LastSwiftUpdateCheck = 0810;
				LastUpgradeCheck = 0810;
				ORGANIZATIONNAME = "Ghassan Jaam";
				TargetAttributes = {
					8D0E35321DDB1BF4005DA9EE = {
						CreatedOnToolsVersion = 8.1;
						DevelopmentTeam = 767D687EFN;
						ProvisioningStyle = Automatic;
					};
				};
			};
			buildConfigurationList = 8D0E352E1DDB1BF4005DA9EE /* Build configuration list for PBXProject "News" */;
			compatibilityVersion = "Xcode 3.2";
			developmentRegion = English;
			hasScannedForEncodings = 0;
			knownRegions = (
				en,
				Base,
			);
			mainGroup = 8D0E352A1DDB1BF4005DA9EE;
			productRefGroup = 8D0E35341DDB1BF5005DA9EE /* Products */;
			projectDirPath = "";
			projectRoot = "";
			targets = (
				8D0E35321DDB1BF4005DA9EE /* News */,
			);
		};
/* End PBXProject section */

/* Begin PBXResourcesBuildPhase section */
		8D0E35311DDB1BF4005DA9EE /* Resources */ = {
			isa = PBXResourcesBuildPhase;
			buildActionMask = 2147483647;
			files = (
				8D0E35411DDB1BF6005DA9EE /* LaunchScreen.storyboard in Resources */,
				8D0E353E1DDB1BF6005DA9EE /* Assets.xcassets in Resources */,
				8D0E353C1DDB1BF5005DA9EE /* Main.storyboard in Resources */,
			);
			runOnlyForDeploymentPostprocessing = 0;
		};
/* End PBXResourcesBuildPhase section */

/* Begin PBXSourcesBuildPhase section */
		8D0E352F1DDB1BF4005DA9EE /* Sources */ = {
			isa = PBXSourcesBuildPhase;
			buildActionMask = 2147483647;
			files = (
				8D0E354B1DDB21CB005DA9EE /* Article.swift in Sources */,
				8D0E35491DDB1E22005DA9EE /* VCTableViewCell.swift in Sources */,
				8DACE6721DDB3944003C40A6 /* WebViewVC.swift in Sources */,
				8DACE6741DDB4839003C40A6 /* MaterialView.swift in Sources */,
				8D0E35391DDB1BF5005DA9EE /* ViewController.swift in Sources */,
				8D0E35371DDB1BF5005DA9EE /* AppDelegate.swift in Sources */,
			);
			runOnlyForDeploymentPostprocessing = 0;
		};
/* End PBXSourcesBuildPhase section */

/* Begin PBXVariantGroup section */
		8D0E353A1DDB1BF5005DA9EE /* Main.storyboard */ = {
			isa = PBXVariantGroup;
			children = (
				8D0E353B1DDB1BF5005DA9EE /* Base */,
			);
			name = Main.storyboard;
			sourceTree = "<group>";
		};
		8D0E353F1DDB1BF6005DA9EE /* LaunchScreen.storyboard */ = {
			isa = PBXVariantGroup;
			children = (
				8D0E35401DDB1BF6005DA9EE /* Base */,
			);
			name = LaunchScreen.storyboard;
			sourceTree = "<group>";
		};
/* End PBXVariantGroup section */

/* Begin XCBuildConfiguration section */
		8D0E35431DDB1BF6005DA9EE /* Debug */ = {
			isa = XCBuildConfiguration;
			buildSettings = {
				ALWAYS_SEARCH_USER_PATHS = NO;
				CLANG_ANALYZER_NONNULL = YES;
				CLANG_CXX_LANGUAGE_STANDARD = "gnu++0x";
				CLANG_CXX_LIBRARY = "libc++";
				CLANG_ENABLE_MODULES = YES;
				CLANG_ENABLE_OBJC_ARC = YES;
				CLANG_WARN_BOOL_CONVERSION = YES;
				CLANG_WARN_CONSTANT_CONVERSION = YES;
				CLANG_WARN_DIRECT_OBJC_ISA_USAGE = YES_ERROR;
				CLANG_WARN_DOCUMENTATION_COMMENTS = YES;
				CLANG_WARN_EMPTY_BODY = YES;
				CLANG_WARN_ENUM_CONVERSION = YES;
				CLANG_WARN_INFINITE_RECURSION = YES;
				CLANG_WARN_INT_CONVERSION = YES;
				CLANG_WARN_OBJC_ROOT_CLASS = YES_ERROR;
				CLANG_WARN_SUSPICIOUS_MOVES = YES;
				CLANG_WARN_UNREACHABLE_CODE = YES;
				CLANG_WARN__DUPLICATE_METHOD_MATCH = YES;
				"CODE_SIGN_IDENTITY[sdk=iphoneos*]" = "iPhone Developer";
				COPY_PHASE_STRIP = NO;
				DEBUG_INFORMATION_FORMAT = dwarf;
				ENABLE_STRICT_OBJC_MSGSEND = YES;
				ENABLE_TESTABILITY = YES;
				GCC_C_LANGUAGE_STANDARD = gnu99;
				GCC_DYNAMIC_NO_PIC = NO;
				GCC_NO_COMMON_BLOCKS = YES;
				GCC_OPTIMIZATION_LEVEL = 0;
				GCC_PREPROCESSOR_DEFINITIONS = (
					"DEBUG=1",
					"$(inherited)",
				);
				GCC_WARN_64_TO_32_BIT_CONVERSION = YES;
				GCC_WARN_ABOUT_RETURN_TYPE = YES_ERROR;
				GCC_WARN_UNDECLARED_SELECTOR = YES;
				GCC_WARN_UNINITIALIZED_AUTOS = YES_AGGRESSIVE;
				GCC_WARN_UNUSED_FUNCTION = YES;
				GCC_WARN_UNUSED_VARIABLE = YES;
				IPHONEOS_DEPLOYMENT_TARGET = 10.1;
				MTL_ENABLE_DEBUG_INFO = YES;
				ONLY_ACTIVE_ARCH = YES;
				SDKROOT = iphoneos;
				SWIFT_ACTIVE_COMPILATION_CONDITIONS = DEBUG;
				SWIFT_OPTIMIZATION_LEVEL = "-Onone";
			};
			name = Debug;
		};
		8D0E35441DDB1BF6005DA9EE /* Release */ = {
			isa = XCBuildConfiguration;
			buildSettings = {
				ALWAYS_SEARCH_USER_PATHS = NO;
				CLANG_ANALYZER_NONNULL = YES;
				CLANG_CXX_LANGUAGE_STANDARD = "gnu++0x";
				CLANG_CXX_LIBRARY = "libc++";
				CLANG_ENABLE_MODULES = YES;
				CLANG_ENABLE_OBJC_ARC = YES;
				CLANG_WARN_BOOL_CONVERSION = YES;
				CLANG_WARN_CONSTANT_CONVERSION = YES;
				CLANG_WARN_DIRECT_OBJC_ISA_USAGE = YES_ERROR;
				CLANG_WARN_DOCUMENTATION_COMMENTS = YES;
				CLANG_WARN_EMPTY_BODY = YES;
				CLANG_WARN_ENUM_CONVERSION = YES;
				CLANG_WARN_INFINITE_RECURSION = YES;
				CLANG_WARN_INT_CONVERSION = YES;
				CLANG_WARN_OBJC_ROOT_CLASS = YES_ERROR;
				CLANG_WARN_SUSPICIOUS_MOVES = YES;
				CLANG_WARN_UNREACHABLE_CODE = YES;
				CLANG_WARN__DUPLICATE_METHOD_MATCH = YES;
				"CODE_SIGN_IDENTITY[sdk=iphoneos*]" = "iPhone Developer";
				COPY_PHASE_STRIP = NO;
				DEBUG_INFORMATION_FORMAT = "dwarf-with-dsym";
				ENABLE_NS_ASSERTIONS = NO;
				ENABLE_STRICT_OBJC_MSGSEND = YES;
				GCC_C_LANGUAGE_STANDARD = gnu99;
				GCC_NO_COMMON_BLOCKS = YES;
				GCC_WARN_64_TO_32_BIT_CONVERSION = YES;
				GCC_WARN_ABOUT_RETURN_TYPE = YES_ERROR;
				GCC_WARN_UNDECLARED_SELECTOR = YES;
				GCC_WARN_UNINITIALIZED_AUTOS = YES_AGGRESSIVE;
				GCC_WARN_UNUSED_FUNCTION = YES;
				GCC_WARN_UNUSED_VARIABLE = YES;
				IPHONEOS_DEPLOYMENT_TARGET = 10.1;
				MTL_ENABLE_DEBUG_INFO = NO;
				SDKROOT = iphoneos;
				SWIFT_OPTIMIZATION_LEVEL = "-Owholemodule";
				VALIDATE_PRODUCT = YES;
			};
			name = Release;
		};
		8D0E35461DDB1BF6005DA9EE /* Debug */ = {
			isa = XCBuildConfiguration;
			buildSettings = {
				ASSETCATALOG_COMPILER_APPICON_NAME = AppIcon;
				DEVELOPMENT_TEAM = 767D687EFN;
				INFOPLIST_FILE = TripoliScopeNews/Info.plist;
				IPHONEOS_DEPLOYMENT_TARGET = 9.0;
				LD_RUNPATH_SEARCH_PATHS = "$(inherited) @executable_path/Frameworks";
				PRODUCT_BUNDLE_IDENTIFIER = com.ghassanjaam.news;
				PRODUCT_NAME = "$(TARGET_NAME)";
				SWIFT_VERSION = 3.0;
			};
			name = Debug;
		};
		8D0E35471DDB1BF6005DA9EE /* Release */ = {
			isa = XCBuildConfiguration;
			buildSettings = {
				ASSETCATALOG_COMPILER_APPICON_NAME = AppIcon;
				DEVELOPMENT_TEAM = 767D687EFN;
				INFOPLIST_FILE = TripoliScopeNews/Info.plist;
				IPHONEOS_DEPLOYMENT_TARGET = 9.0;
				LD_RUNPATH_SEARCH_PATHS = "$(inherited) @executable_path/Frameworks";
				PRODUCT_BUNDLE_IDENTIFIER = com.ghassanjaam.news;
				PRODUCT_NAME = "$(TARGET_NAME)";
				SWIFT_VERSION = 3.0;
			};
			name = Release;
		};
/* End XCBuildConfiguration section */

/* Begin XCConfigurationList section */
		8D0E352E1DDB1BF4005DA9EE /* Build configuration list for PBXProject "News" */ = {
			isa = XCConfigurationList;
			buildConfigurations = (
				8D0E35431DDB1BF6005DA9EE /* Debug */,
				8D0E35441DDB1BF6005DA9EE /* Release */,
			);
			defaultConfigurationIsVisible = 0;
			defaultConfigurationName = Release;
		};
		8D0E35451DDB1BF6005DA9EE /* Build configuration list for PBXNativeTarget "News" */ = {
			isa = XCConfigurationList;
			buildConfigurations = (
				8D0E35461DDB1BF6005DA9EE /* Debug */,
				8D0E35471DDB1BF6005DA9EE /* Release */,
			);
			defaultConfigurationIsVisible = 0;
			defaultConfigurationName = Release;
		};
/* End XCConfigurationList section */
	};
	rootObject = 8D0E352B1DDB1BF4005DA9EE /* Project object */;
}
